
Microsoft Visual Studio Solution File, Format Version 12.00
# Visual Studio 15
VisualStudioVersion = 15.0.27428.2011
MinimumVisualStudioVersion = 10.0.40219.1
Project("{FAE04EC0-301F-11D3-BF4B-00C04F79EFBC}") = "Ex04.Menus.Delegates", "Ex04.Menus.Delegates\Ex04.Menus.Delegates.csproj", "{A57B46C5-A708-46E6-81CD-A6224AFB24FF}"
EndProject
Project("{FAE04EC0-301F-11D3-BF4B-00C04F79EFBC}") = "Ex04.Menus.Interfaces", "Ex04.Menus.Interfaces\Ex04.Menus.Interfaces.csproj", "{F91A5D13-1D22-4AFC-A19B-484C07DE1116}"
EndProject
Project("{FAE04EC0-301F-11D3-BF4B-00C04F79EFBC}") = "Ex04.Menus.Test", "Ex04.Menus.Test\Ex04.Menus.Test.csproj", "{7C414691-B29D-4740-AA54-C96FF7FD3764}"
EndProject
Global
	GlobalSection(SolutionConfigurationPlatforms) = preSolution
		Debug|Any CPU = Debug|Any CPU
		Release|Any CPU = Release|Any CPU
	EndGlobalSection
	GlobalSection(ProjectConfigurationPlatforms) = postSolution
		{A57B46C5-A708-46E6-81CD-A6224AFB24FF}.Debug|Any CPU.ActiveCfg = Debug|Any CPU
		{A57B46C5-A708-46E6-81CD-A6224AFB24FF}.Debug|Any CPU.Build.0 = Debug|Any CPU
		{A57B46C5-A708-46E6-81CD-A6224AFB24FF}.Release|Any CPU.ActiveCfg = Release|Any CPU
		{A57B46C5-A708-46E6-81CD-A6224AFB24FF}.Release|Any CPU.Build.0 = Release|Any CPU
		{F91A5D13-1D22-4AFC-A19B-484C07DE1116}.Debug|Any CPU.ActiveCfg = Debug|Any CPU
		{F91A5D13-1D22-4AFC-A19B-484C07DE1116}.Debug|Any CPU.Build.0 = Debug|Any CPU
		{F91A5D13-1D22-4AFC-A19B-484C07DE1116}.Release|Any CPU.ActiveCfg = Release|Any CPU
		{F91A5D13-1D22-4AFC-A19B-484C07DE1116}.Release|Any CPU.Build.0 = Release|Any CPU
		{7C414691-B29D-4740-AA54-C96FF7FD3764}.Debug|Any CPU.ActiveCfg = Debug|Any CPU
		{7C414691-B29D-4740-AA54-C96FF7FD3764}.Debug|Any CPU.Build.0 = Debug|Any CPU
		{7C414691-B29D-4740-AA54-C96FF7FD3764}.Release|Any CPU.ActiveCfg = Release|Any CPU
		{7C414691-B29D-4740-AA54-C96FF7FD3764}.Release|Any CPU.Build.0 = Release|Any CPU
	EndGlobalSection
	GlobalSection(SolutionProperties) = preSolution
		HideSolutionNode = FALSE
	EndGlobalSection
	GlobalSection(ExtensibilityGlobals) = postSolution
		SolutionGuid = {2B92A03B-E5B6-4C00-A3FD-75C2A158A35A}
	EndGlobalSection
EndGlobal
